// !$*UTF8*$!
{
	archiveVersion = 1;
	classes = {
	};
	objectVersion = 46;
	objects = {

/* Begin PBXBuildFile section */
		3591CF6524A37EC6001C0C27 /* SkipFirstOffsetInterpolatingMotionEffect.swift in Sources */ = {isa = PBXBuildFile; fileRef = 3591CF6424A37EC6001C0C27 /* SkipFirstOffsetInterpolatingMotionEffect.swift */; };
		38B0EDD824D84F4B00B5C939 /* Assets.xcassets in Resources */ = {isa = PBXBuildFile; fileRef = 38B0EDD724D84F4B00B5C939 /* Assets.xcassets */; };
		C8AFF06D1CE1FA0E00A78342 /* ParallaxableView.swift in Sources */ = {isa = PBXBuildFile; fileRef = C8AFF0671CE1FA0E00A78342 /* ParallaxableView.swift */; };
		C8AFF06F1CE1FA0E00A78342 /* ParallaxCollectionViewCell.swift in Sources */ = {isa = PBXBuildFile; fileRef = C8AFF0691CE1FA0E00A78342 /* ParallaxCollectionViewCell.swift */; };
		C8AFF0701CE1FA0E00A78342 /* ParallaxMotionEffect.swift in Sources */ = {isa = PBXBuildFile; fileRef = C8AFF06A1CE1FA0E00A78342 /* ParallaxMotionEffect.swift */; };
		C8AFF0711CE1FA0E00A78342 /* ParallaxView.swift in Sources */ = {isa = PBXBuildFile; fileRef = C8AFF06B1CE1FA0E00A78342 /* ParallaxView.swift */; };
		C8AFF0721CE1FA0E00A78342 /* SubviewsParallaxMode.swift in Sources */ = {isa = PBXBuildFile; fileRef = C8AFF06C1CE1FA0E00A78342 /* SubviewsParallaxMode.swift */; };
		C8B589611D18146000F5DBD2 /* ParallaxableView+Extensions.swift in Sources */ = {isa = PBXBuildFile; fileRef = C8B589601D18146000F5DBD2 /* ParallaxableView+Extensions.swift */; };
		C8F1DB3B1CDCC4400043B419 /* ParallaxView tvOS.h in Headers */ = {isa = PBXBuildFile; fileRef = C8F1DB3A1CDCC4400043B419 /* ParallaxView tvOS.h */; settings = {ATTRIBUTES = (Public, ); }; };
		C8F2C6CE1D117021003C0E1A /* ParallaxEffectOptions.swift in Sources */ = {isa = PBXBuildFile; fileRef = C8F2C6CD1D117021003C0E1A /* ParallaxEffectOptions.swift */; };
		C8F2C6D01D11704F003C0E1A /* UIView+ParallaxEffect.swift in Sources */ = {isa = PBXBuildFile; fileRef = C8F2C6CF1D11704F003C0E1A /* UIView+ParallaxEffect.swift */; };
/* End PBXBuildFile section */

/* Begin PBXFileReference section */
		3591CF6424A37EC6001C0C27 /* SkipFirstOffsetInterpolatingMotionEffect.swift */ = {isa = PBXFileReference; lastKnownFileType = sourcecode.swift; path = SkipFirstOffsetInterpolatingMotionEffect.swift; sourceTree = "<group>"; };
		38A9F80224D842BC001E8F9C /* Package.swift */ = {isa = PBXFileReference; lastKnownFileType = sourcecode.swift; path = Package.swift; sourceTree = SOURCE_ROOT; };
		38B0EDD724D84F4B00B5C939 /* Assets.xcassets */ = {isa = PBXFileReference; lastKnownFileType = folder.assetcatalog; path = Assets.xcassets; sourceTree = "<group>"; };
		C8AFF0671CE1FA0E00A78342 /* ParallaxableView.swift */ = {isa = PBXFileReference; fileEncoding = 4; lastKnownFileType = sourcecode.swift; path = ParallaxableView.swift; sourceTree = "<group>"; };
		C8AFF0691CE1FA0E00A78342 /* ParallaxCollectionViewCell.swift */ = {isa = PBXFileReference; fileEncoding = 4; lastKnownFileType = sourcecode.swift; path = ParallaxCollectionViewCell.swift; sourceTree = "<group>"; };
		C8AFF06A1CE1FA0E00A78342 /* ParallaxMotionEffect.swift */ = {isa = PBXFileReference; fileEncoding = 4; lastKnownFileType = sourcecode.swift; path = ParallaxMotionEffect.swift; sourceTree = "<group>"; };
		C8AFF06B1CE1FA0E00A78342 /* ParallaxView.swift */ = {isa = PBXFileReference; fileEncoding = 4; lastKnownFileType = sourcecode.swift; path = ParallaxView.swift; sourceTree = "<group>"; };
		C8AFF06C1CE1FA0E00A78342 /* SubviewsParallaxMode.swift */ = {isa = PBXFileReference; fileEncoding = 4; lastKnownFileType = sourcecode.swift; path = SubviewsParallaxMode.swift; sourceTree = "<group>"; };
		C8B589601D18146000F5DBD2 /* ParallaxableView+Extensions.swift */ = {isa = PBXFileReference; fileEncoding = 4; lastKnownFileType = sourcecode.swift; path = "ParallaxableView+Extensions.swift"; sourceTree = "<group>"; };
		C8F1DB371CDCC4400043B419 /* ParallaxView.framework */ = {isa = PBXFileReference; explicitFileType = wrapper.framework; includeInIndex = 0; path = ParallaxView.framework; sourceTree = BUILT_PRODUCTS_DIR; };
		C8F1DB3A1CDCC4400043B419 /* ParallaxView tvOS.h */ = {isa = PBXFileReference; lastKnownFileType = sourcecode.c.h; path = "ParallaxView tvOS.h"; sourceTree = "<group>"; };
		C8F1DB3C1CDCC4400043B419 /* Info-tvOS.plist */ = {isa = PBXFileReference; lastKnownFileType = text.plist.xml; path = "Info-tvOS.plist"; sourceTree = "<group>"; };
		C8F2C6CD1D117021003C0E1A /* ParallaxEffectOptions.swift */ = {isa = PBXFileReference; fileEncoding = 4; lastKnownFileType = sourcecode.swift; path = ParallaxEffectOptions.swift; sourceTree = "<group>"; };
		C8F2C6CF1D11704F003C0E1A /* UIView+ParallaxEffect.swift */ = {isa = PBXFileReference; fileEncoding = 4; lastKnownFileType = sourcecode.swift; path = "UIView+ParallaxEffect.swift"; sourceTree = "<group>"; };
/* End PBXFileReference section */

/* Begin PBXFrameworksBuildPhase section */
		C8F1DB331CDCC4400043B419 /* Frameworks */ = {
			isa = PBXFrameworksBuildPhase;
			buildActionMask = 2147483647;
			files = (
			);
			runOnlyForDeploymentPostprocessing = 0;
		};
/* End PBXFrameworksBuildPhase section */

/* Begin PBXGroup section */
		38A9F80124D84273001E8F9C /* Configs */ = {
			isa = PBXGroup;
			children = (
				38A9F80224D842BC001E8F9C /* Package.swift */,
				C8F1DB3C1CDCC4400043B419 /* Info-tvOS.plist */,
			);
			path = Configs;
			sourceTree = "<group>";
		};
		38B0EDD624D84F4B00B5C939 /* Resources */ = {
			isa = PBXGroup;
			children = (
				38B0EDD724D84F4B00B5C939 /* Assets.xcassets */,
			);
			path = Resources;
			sourceTree = "<group>";
		};
		C8F1DB2B1CDCC3D60043B419 = {
			isa = PBXGroup;
			children = (
				38A9F80124D84273001E8F9C /* Configs */,
				C8F1DB401CDCC4720043B419 /* Sources */,
				C8F1DB381CDCC4400043B419 /* Products */,
			);
			sourceTree = "<group>";
		};
		C8F1DB381CDCC4400043B419 /* Products */ = {
			isa = PBXGroup;
			children = (
				C8F1DB371CDCC4400043B419 /* ParallaxView.framework */,
			);
			name = Products;
			sourceTree = "<group>";
		};
		C8F1DB401CDCC4720043B419 /* Sources */ = {
			isa = PBXGroup;
			children = (
				C8F1DB3A1CDCC4400043B419 /* ParallaxView tvOS.h */,
				C8F2C6D11D11709D003C0E1A /* Extensions */,
				C8F2C6D41D11714E003C0E1A /* Other */,
				C8F2C6D31D117135003C0E1A /* Views */,
				38B0EDD624D84F4B00B5C939 /* Resources */,
			);
			path = Sources;
			sourceTree = "<group>";
		};
		C8F2C6D11D11709D003C0E1A /* Extensions */ = {
			isa = PBXGroup;
			children = (
				C8B589601D18146000F5DBD2 /* ParallaxableView+Extensions.swift */,
				C8F2C6CF1D11704F003C0E1A /* UIView+ParallaxEffect.swift */,
			);
			path = Extensions;
			sourceTree = "<group>";
		};
		C8F2C6D31D117135003C0E1A /* Views */ = {
			isa = PBXGroup;
			children = (
				C8AFF0691CE1FA0E00A78342 /* ParallaxCollectionViewCell.swift */,
				C8AFF06B1CE1FA0E00A78342 /* ParallaxView.swift */,
			);
			path = Views;
			sourceTree = "<group>";
		};
		C8F2C6D41D11714E003C0E1A /* Other */ = {
			isa = PBXGroup;
			children = (
				C8AFF0671CE1FA0E00A78342 /* ParallaxableView.swift */,
				C8F2C6CD1D117021003C0E1A /* ParallaxEffectOptions.swift */,
				C8AFF06A1CE1FA0E00A78342 /* ParallaxMotionEffect.swift */,
				C8AFF06C1CE1FA0E00A78342 /* SubviewsParallaxMode.swift */,
				3591CF6424A37EC6001C0C27 /* SkipFirstOffsetInterpolatingMotionEffect.swift */,
			);
			path = Other;
			sourceTree = "<group>";
		};
/* End PBXGroup section */

/* Begin PBXHeadersBuildPhase section */
		C8F1DB341CDCC4400043B419 /* Headers */ = {
			isa = PBXHeadersBuildPhase;
			buildActionMask = 2147483647;
			files = (
				C8F1DB3B1CDCC4400043B419 /* ParallaxView tvOS.h in Headers */,
			);
			runOnlyForDeploymentPostprocessing = 0;
		};
/* End PBXHeadersBuildPhase section */

/* Begin PBXNativeTarget section */
		C8F1DB361CDCC4400043B419 /* ParallaxView tvOS */ = {
			isa = PBXNativeTarget;
			buildConfigurationList = C8F1DB3D1CDCC4400043B419 /* Build configuration list for PBXNativeTarget "ParallaxView tvOS" */;
			buildPhases = (
				C8F1DB321CDCC4400043B419 /* Sources */,
				C8F1DB331CDCC4400043B419 /* Frameworks */,
				C8F1DB341CDCC4400043B419 /* Headers */,
				C8F1DB351CDCC4400043B419 /* Resources */,
			);
			buildRules = (
			);
			dependencies = (
			);
			name = "ParallaxView tvOS";
			productName = "ParallaxView tvOS";
			productReference = C8F1DB371CDCC4400043B419 /* ParallaxView.framework */;
			productType = "com.apple.product-type.framework";
		};
/* End PBXNativeTarget section */

/* Begin PBXProject section */
		C8F1DB2C1CDCC3D60043B419 /* Project object */ = {
			isa = PBXProject;
			attributes = {
				LastUpgradeCheck = 1020;
				TargetAttributes = {
					C8F1DB361CDCC4400043B419 = {
						CreatedOnToolsVersion = 7.3.1;
						LastSwiftMigration = 0820;
					};
				};
			};
			buildConfigurationList = C8F1DB2F1CDCC3D60043B419 /* Build configuration list for PBXProject "ParallaxView" */;
			compatibilityVersion = "Xcode 3.2";
			developmentRegion = en;
			hasScannedForEncodings = 0;
			knownRegions = (
				en,
				Base,
			);
			mainGroup = C8F1DB2B1CDCC3D60043B419;
			productRefGroup = C8F1DB381CDCC4400043B419 /* Products */;
			projectDirPath = "";
			projectRoot = "";
			targets = (
				C8F1DB361CDCC4400043B419 /* ParallaxView tvOS */,
			);
		};
/* End PBXProject section */

/* Begin PBXResourcesBuildPhase section */
		C8F1DB351CDCC4400043B419 /* Resources */ = {
			isa = PBXResourcesBuildPhase;
			buildActionMask = 2147483647;
			files = (
				38B0EDD824D84F4B00B5C939 /* Assets.xcassets in Resources */,
			);
			runOnlyForDeploymentPostprocessing = 0;
		};
/* End PBXResourcesBuildPhase section */

/* Begin PBXSourcesBuildPhase section */
		C8F1DB321CDCC4400043B419 /* Sources */ = {
			isa = PBXSourcesBuildPhase;
			buildActionMask = 2147483647;
			files = (
				C8F2C6CE1D117021003C0E1A /* ParallaxEffectOptions.swift in Sources */,
				C8AFF0721CE1FA0E00A78342 /* SubviewsParallaxMode.swift in Sources */,
				C8AFF06D1CE1FA0E00A78342 /* ParallaxableView.swift in Sources */,
				C8AFF0711CE1FA0E00A78342 /* ParallaxView.swift in Sources */,
				3591CF6524A37EC6001C0C27 /* SkipFirstOffsetInterpolatingMotionEffect.swift in Sources */,
				C8F2C6D01D11704F003C0E1A /* UIView+ParallaxEffect.swift in Sources */,
				C8B589611D18146000F5DBD2 /* ParallaxableView+Extensions.swift in Sources */,
				C8AFF0701CE1FA0E00A78342 /* ParallaxMotionEffect.swift in Sources */,
				C8AFF06F1CE1FA0E00A78342 /* ParallaxCollectionViewCell.swift in Sources */,
			);
			runOnlyForDeploymentPostprocessing = 0;
		};
/* End PBXSourcesBuildPhase section */

/* Begin XCBuildConfiguration section */
		C8F1DB301CDCC3D60043B419 /* Debug */ = {
			isa = XCBuildConfiguration;
			buildSettings = {
				CLANG_WARN_BLOCK_CAPTURE_AUTORELEASING = YES;
				CLANG_WARN_BOOL_CONVERSION = YES;
				CLANG_WARN_COMMA = YES;
				CLANG_WARN_CONSTANT_CONVERSION = YES;
				CLANG_WARN_DEPRECATED_OBJC_IMPLEMENTATIONS = YES;
				CLANG_WARN_EMPTY_BODY = YES;
				CLANG_WARN_ENUM_CONVERSION = YES;
				CLANG_WARN_INFINITE_RECURSION = YES;
				CLANG_WARN_INT_CONVERSION = YES;
				CLANG_WARN_NON_LITERAL_NULL_CONVERSION = YES;
				CLANG_WARN_OBJC_IMPLICIT_RETAIN_SELF = YES;
				CLANG_WARN_OBJC_LITERAL_CONVERSION = YES;
				CLANG_WARN_RANGE_LOOP_ANALYSIS = YES;
				CLANG_WARN_STRICT_PROTOTYPES = YES;
				CLANG_WARN_SUSPICIOUS_MOVE = YES;
				CLANG_WARN_UNREACHABLE_CODE = YES;
				CLANG_WARN__DUPLICATE_METHOD_MATCH = YES;
				ENABLE_STRICT_OBJC_MSGSEND = YES;
				ENABLE_TESTABILITY = YES;
				GCC_NO_COMMON_BLOCKS = YES;
				GCC_WARN_64_TO_32_BIT_CONVERSION = YES;
				GCC_WARN_ABOUT_RETURN_TYPE = YES;
				GCC_WARN_UNDECLARED_SELECTOR = YES;
				GCC_WARN_UNINITIALIZED_AUTOS = YES;
				GCC_WARN_UNUSED_FUNCTION = YES;
				GCC_WARN_UNUSED_VARIABLE = YES;
				ONLY_ACTIVE_ARCH = YES;
			};
			name = Debug;
		};
		C8F1DB311CDCC3D60043B419 /* Release */ = {
			isa = XCBuildConfiguration;
			buildSettings = {
				CLANG_WARN_BLOCK_CAPTURE_AUTORELEASING = YES;
				CLANG_WARN_BOOL_CONVERSION = YES;
				CLANG_WARN_COMMA = YES;
				CLANG_WARN_CONSTANT_CONVERSION = YES;
				CLANG_WARN_DEPRECATED_OBJC_IMPLEMENTATIONS = YES;
				CLANG_WARN_EMPTY_BODY = YES;
				CLANG_WARN_ENUM_CONVERSION = YES;
				CLANG_WARN_INFINITE_RECURSION = YES;
				CLANG_WARN_INT_CONVERSION = YES;
				CLANG_WARN_NON_LITERAL_NULL_CONVERSION = YES;
				CLANG_WARN_OBJC_IMPLICIT_RETAIN_SELF = YES;
				CLANG_WARN_OBJC_LITERAL_CONVERSION = YES;
				CLANG_WARN_RANGE_LOOP_ANALYSIS = YES;
				CLANG_WARN_STRICT_PROTOTYPES = YES;
				CLANG_WARN_SUSPICIOUS_MOVE = YES;
				CLANG_WARN_UNREACHABLE_CODE = YES;
				CLANG_WARN__DUPLICATE_METHOD_MATCH = YES;
				ENABLE_STRICT_OBJC_MSGSEND = YES;
				GCC_NO_COMMON_BLOCKS = YES;
				GCC_WARN_64_TO_32_BIT_CONVERSION = YES;
				GCC_WARN_ABOUT_RETURN_TYPE = YES;
				GCC_WARN_UNDECLARED_SELECTOR = YES;
				GCC_WARN_UNINITIALIZED_AUTOS = YES;
				GCC_WARN_UNUSED_FUNCTION = YES;
				GCC_WARN_UNUSED_VARIABLE = YES;
				SWIFT_OPTIMIZATION_LEVEL = "-Owholemodule";
			};
			name = Release;
		};
		C8F1DB3E1CDCC4400043B419 /* Debug */ = {
			isa = XCBuildConfiguration;
			buildSettings = {
				ALWAYS_SEARCH_USER_PATHS = NO;
				CLANG_ANALYZER_NONNULL = YES;
				CLANG_CXX_LANGUAGE_STANDARD = "gnu++0x";
				CLANG_CXX_LIBRARY = "libc++";
				CLANG_ENABLE_MODULES = YES;
				CLANG_ENABLE_OBJC_ARC = YES;
				CLANG_WARN_BOOL_CONVERSION = YES;
				CLANG_WARN_CONSTANT_CONVERSION = YES;
				CLANG_WARN_DIRECT_OBJC_ISA_USAGE = YES_ERROR;
				CLANG_WARN_EMPTY_BODY = YES;
				CLANG_WARN_ENUM_CONVERSION = YES;
				CLANG_WARN_INT_CONVERSION = YES;
				CLANG_WARN_OBJC_ROOT_CLASS = YES_ERROR;
				CLANG_WARN_UNREACHABLE_CODE = YES;
				CLANG_WARN__DUPLICATE_METHOD_MATCH = YES;
				"CODE_SIGN_IDENTITY[sdk=appletvos*]" = "";
				COPY_PHASE_STRIP = NO;
				CURRENT_PROJECT_VERSION = 1;
				DEBUG_INFORMATION_FORMAT = dwarf;
				DEFINES_MODULE = YES;
				DYLIB_COMPATIBILITY_VERSION = 1;
				DYLIB_CURRENT_VERSION = 1;
				DYLIB_INSTALL_NAME_BASE = "@rpath";
				ENABLE_STRICT_OBJC_MSGSEND = YES;
				ENABLE_TESTABILITY = YES;
				GCC_C_LANGUAGE_STANDARD = gnu99;
				GCC_DYNAMIC_NO_PIC = NO;
				GCC_NO_COMMON_BLOCKS = YES;
				GCC_OPTIMIZATION_LEVEL = 0;
				GCC_PREPROCESSOR_DEFINITIONS = (
					"DEBUG=1",
					"$(inherited)",
				);
				GCC_WARN_64_TO_32_BIT_CONVERSION = YES;
				GCC_WARN_ABOUT_RETURN_TYPE = YES_ERROR;
				GCC_WARN_UNDECLARED_SELECTOR = YES;
				GCC_WARN_UNINITIALIZED_AUTOS = YES_AGGRESSIVE;
				GCC_WARN_UNUSED_FUNCTION = YES;
				GCC_WARN_UNUSED_VARIABLE = YES;
				INFOPLIST_FILE = "Configs/Info-tvOS.plist";
				INSTALL_PATH = "$(LOCAL_LIBRARY_DIR)/Frameworks";
				LD_RUNPATH_SEARCH_PATHS = "$(inherited) @executable_path/Frameworks @loader_path/Frameworks";
				MTL_ENABLE_DEBUG_INFO = YES;
				ONLY_ACTIVE_ARCH = YES;
				PRODUCT_BUNDLE_IDENTIFIER = "com.pgs-soft.ParallaxView-tvOS";
				PRODUCT_MODULE_NAME = ParallaxView;
				PRODUCT_NAME = ParallaxView;
				SDKROOT = appletvos;
				SKIP_INSTALL = YES;
				SWIFT_OPTIMIZATION_LEVEL = "-Onone";
				SWIFT_VERSION = 5.0;
				TARGETED_DEVICE_FAMILY = 3;
				TVOS_DEPLOYMENT_TARGET = 9.0;
				VERSIONING_SYSTEM = "apple-generic";
				VERSION_INFO_PREFIX = "";
			};
			name = Debug;
		};
		C8F1DB3F1CDCC4400043B419 /* Release */ = {
			isa = XCBuildConfiguration;
			buildSettings = {
				ALWAYS_SEARCH_USER_PATHS = NO;
				CLANG_ANALYZER_NONNULL = YES;
				CLANG_CXX_LANGUAGE_STANDARD = "gnu++0x";
				CLANG_CXX_LIBRARY = "libc++";
				CLANG_ENABLE_MODULES = YES;
				CLANG_ENABLE_OBJC_ARC = YES;
				CLANG_WARN_BOOL_CONVERSION = YES;
				CLANG_WARN_CONSTANT_CONVERSION = YES;
				CLANG_WARN_DIRECT_OBJC_ISA_USAGE = YES_ERROR;
				CLANG_WARN_EMPTY_BODY = YES;
				CLANG_WARN_ENUM_CONVERSION = YES;
				CLANG_WARN_INT_CONVERSION = YES;
				CLANG_WARN_OBJC_ROOT_CLASS = YES_ERROR;
				CLANG_WARN_UNREACHABLE_CODE = YES;
				CLANG_WARN__DUPLICATE_METHOD_MATCH = YES;
				"CODE_SIGN_IDENTITY[sdk=appletvos*]" = "";
				COPY_PHASE_STRIP = NO;
				CURRENT_PROJECT_VERSION = 1;
				DEBUG_INFORMATION_FORMAT = "dwarf-with-dsym";
				DEFINES_MODULE = YES;
				DYLIB_COMPATIBILITY_VERSION = 1;
				DYLIB_CURRENT_VERSION = 1;
				DYLIB_INSTALL_NAME_BASE = "@rpath";
				ENABLE_NS_ASSERTIONS = NO;
				ENABLE_STRICT_OBJC_MSGSEND = YES;
				GCC_C_LANGUAGE_STANDARD = gnu99;
				GCC_NO_COMMON_BLOCKS = YES;
				GCC_WARN_64_TO_32_BIT_CONVERSION = YES;
				GCC_WARN_ABOUT_RETURN_TYPE = YES_ERROR;
				GCC_WARN_UNDECLARED_SELECTOR = YES;
				GCC_WARN_UNINITIALIZED_AUTOS = YES_AGGRESSIVE;
				GCC_WARN_UNUSED_FUNCTION = YES;
				GCC_WARN_UNUSED_VARIABLE = YES;
				INFOPLIST_FILE = "Configs/Info-tvOS.plist";
				INSTALL_PATH = "$(LOCAL_LIBRARY_DIR)/Frameworks";
				LD_RUNPATH_SEARCH_PATHS = "$(inherited) @executable_path/Frameworks @loader_path/Frameworks";
				MTL_ENABLE_DEBUG_INFO = NO;
				PRODUCT_BUNDLE_IDENTIFIER = "com.pgs-soft.ParallaxView-tvOS";
				PRODUCT_MODULE_NAME = ParallaxView;
				PRODUCT_NAME = ParallaxView;
				SDKROOT = appletvos;
				SKIP_INSTALL = YES;
				SWIFT_VERSION = 5.0;
				TARGETED_DEVICE_FAMILY = 3;
				TVOS_DEPLOYMENT_TARGET = 9.0;
				VALIDATE_PRODUCT = YES;
				VERSIONING_SYSTEM = "apple-generic";
				VERSION_INFO_PREFIX = "";
			};
			name = Release;
		};
/* End XCBuildConfiguration section */

/* Begin XCConfigurationList section */
		C8F1DB2F1CDCC3D60043B419 /* Build configuration list for PBXProject "ParallaxView" */ = {
			isa = XCConfigurationList;
			buildConfigurations = (
				C8F1DB301CDCC3D60043B419 /* Debug */,
				C8F1DB311CDCC3D60043B419 /* Release */,
			);
			defaultConfigurationIsVisible = 0;
			defaultConfigurationName = Release;
		};
		C8F1DB3D1CDCC4400043B419 /* Build configuration list for PBXNativeTarget "ParallaxView tvOS" */ = {
			isa = XCConfigurationList;
			buildConfigurations = (
				C8F1DB3E1CDCC4400043B419 /* Debug */,
				C8F1DB3F1CDCC4400043B419 /* Release */,
			);
			defaultConfigurationIsVisible = 0;
			defaultConfigurationName = Release;
		};
/* End XCConfigurationList section */
	};
	rootObject = C8F1DB2C1CDCC3D60043B419 /* Project object */;
}
